{
  "version": 4,
  "terraform_version": "1.9.5",
  "serial": 398,
  "lineage": "4f1cb300-8ba9-5aad-0109-6097e51209a6",
  "outputs": {},
  "resources": [
    {
      "mode": "data",
      "type": "aws_caller_identity",
      "name": "current",
      "provider": "provider[\"registry.terraform.io/hashicorp/aws\"]",
      "instances": [
        {
          "schema_version": 0,
          "attributes": {
            "account_id": "175898361931",
            "arn": "arn:aws:iam::175898361931:user/wfercosta",
            "id": "175898361931",
            "user_id": "AIDASR5C4ABFREALIJR7C"
          },
          "sensitive_attributes": []
        }
      ]
    },
    {
      "mode": "data",
      "type": "aws_msk_bootstrap_brokers",
      "name": "this",
      "provider": "provider[\"registry.terraform.io/hashicorp/aws\"]",
      "instances": [
        {
          "schema_version": 0,
          "attributes": {
            "bootstrap_brokers": "",
            "bootstrap_brokers_public_sasl_iam": "",
            "bootstrap_brokers_public_sasl_scram": "",
            "bootstrap_brokers_public_tls": "",
            "bootstrap_brokers_sasl_iam": "boot-jjf0pxpp.c1.kafka-serverless.us-east-1.amazonaws.com:9098",
            "bootstrap_brokers_sasl_scram": "",
            "bootstrap_brokers_tls": "",
            "bootstrap_brokers_vpc_connectivity_sasl_iam": "",
            "bootstrap_brokers_vpc_connectivity_sasl_scram": "",
            "bootstrap_brokers_vpc_connectivity_tls": "",
            "cluster_arn": "arn:aws:kafka:us-east-1:175898361931:cluster/debezium-msk/7dbc9d5e-f83e-4b87-93d3-18dd5917f4dc-s1",
            "id": "arn:aws:kafka:us-east-1:175898361931:cluster/debezium-msk/7dbc9d5e-f83e-4b87-93d3-18dd5917f4dc-s1"
          },
          "sensitive_attributes": []
        }
      ]
    },
    {
      "mode": "managed",
      "type": "aws_cloudwatch_log_group",
      "name": "this",
      "provider": "provider[\"registry.terraform.io/hashicorp/aws\"]",
      "instances": [
        {
          "schema_version": 0,
          "attributes": {
            "arn": "arn:aws:logs:us-east-1:175898361931:log-group:/debezium/msk-connectors/debezium",
            "id": "/debezium/msk-connectors/debezium",
            "kms_key_id": "",
            "log_group_class": "STANDARD",
            "name": "/debezium/msk-connectors/debezium",
            "name_prefix": "",
            "retention_in_days": 0,
            "skip_destroy": false,
            "tags": {},
            "tags_all": {}
          },
          "sensitive_attributes": [],
          "private": "bnVsbA=="
        }
      ]
    },
    {
      "mode": "managed",
      "type": "aws_db_instance",
      "name": "this",
      "provider": "provider[\"registry.terraform.io/hashicorp/aws\"]",
      "instances": [
        {
          "schema_version": 2,
          "attributes": {
            "address": "terraform-20240917114032838800000006.cegts618kshb.us-east-1.rds.amazonaws.com",
            "allocated_storage": 20,
            "allow_major_version_upgrade": null,
            "apply_immediately": false,
            "arn": "arn:aws:rds:us-east-1:175898361931:db:terraform-20240917114032838800000006",
            "auto_minor_version_upgrade": true,
            "availability_zone": "us-east-1b",
            "backup_retention_period": 0,
            "backup_target": "region",
            "backup_window": "04:02-04:32",
            "blue_green_update": [],
            "ca_cert_identifier": "rds-ca-rsa2048-g1",
            "character_set_name": "SQL_Latin1_General_CP1_CI_AS",
            "copy_tags_to_snapshot": false,
            "custom_iam_instance_profile": "",
            "customer_owned_ip_enabled": false,
            "db_name": "",
            "db_subnet_group_name": "debezium-rds-subnet-group",
            "dedicated_log_volume": false,
            "delete_automated_backups": true,
            "deletion_protection": false,
            "domain": "",
            "domain_auth_secret_arn": "",
            "domain_dns_ips": [],
            "domain_fqdn": "",
            "domain_iam_role_name": "",
            "domain_ou": "",
            "enabled_cloudwatch_logs_exports": [],
            "endpoint": "terraform-20240917114032838800000006.cegts618kshb.us-east-1.rds.amazonaws.com:1433",
            "engine": "sqlserver-ex",
            "engine_lifecycle_support": "",
            "engine_version": "15.00",
            "engine_version_actual": "15.00.4390.2.v1",
            "final_snapshot_identifier": null,
            "hosted_zone_id": "Z2R2ITUGPM61AM",
            "iam_database_authentication_enabled": false,
            "id": "db-U3RWJECQW5VUNO5B3HA5KJOM7I",
            "identifier": "terraform-20240917114032838800000006",
            "identifier_prefix": "terraform-",
            "instance_class": "db.t3.micro",
            "iops": 0,
            "kms_key_id": "",
            "latest_restorable_time": "",
            "license_model": "license-included",
            "listener_endpoint": [],
            "maintenance_window": "mon:08:15-mon:08:45",
            "manage_master_user_password": null,
            "master_user_secret": [],
            "master_user_secret_kms_key_id": null,
            "max_allocated_storage": 0,
            "monitoring_interval": 0,
            "monitoring_role_arn": "",
            "multi_az": false,
            "nchar_character_set_name": "",
            "network_type": "IPV4",
            "option_group_name": "default:sqlserver-ex-15-00",
            "parameter_group_name": "default.sqlserver-ex-15.0",
            "password": "dbuserpass",
            "performance_insights_enabled": false,
            "performance_insights_kms_key_id": "",
            "performance_insights_retention_period": 0,
            "port": 1433,
            "publicly_accessible": false,
            "replica_mode": "",
            "replicas": [],
            "replicate_source_db": "",
            "resource_id": "db-U3RWJECQW5VUNO5B3HA5KJOM7I",
            "restore_to_point_in_time": [],
            "s3_import": [],
            "skip_final_snapshot": true,
            "snapshot_identifier": null,
            "status": "available",
            "storage_encrypted": false,
            "storage_throughput": 0,
            "storage_type": "gp2",
            "tags": {},
            "tags_all": {},
            "timeouts": null,
            "timezone": "",
            "upgrade_storage_config": null,
            "username": "dbuser",
            "vpc_security_group_ids": [
              "sg-0786e82f02baad302"
            ]
          },
          "sensitive_attributes": [
            [
              {
                "type": "get_attr",
                "value": "password"
              }
            ]
          ],
          "private": "eyJlMmJmYjczMC1lY2FhLTExZTYtOGY4OC0zNDM2M2JjN2M0YzAiOnsiY3JlYXRlIjoyNDAwMDAwMDAwMDAwLCJkZWxldGUiOjM2MDAwMDAwMDAwMDAsInVwZGF0ZSI6NDgwMDAwMDAwMDAwMH0sInNjaGVtYV92ZXJzaW9uIjoiMiJ9",
          "dependencies": [
            "aws_db_subnet_group.this",
            "aws_security_group.rds",
            "aws_subnet.private",
            "aws_vpc.this"
          ]
        }
      ]
    },
    {
      "mode": "managed",
      "type": "aws_db_subnet_group",
      "name": "this",
      "provider": "provider[\"registry.terraform.io/hashicorp/aws\"]",
      "instances": [
        {
          "schema_version": 0,
          "attributes": {
            "arn": "arn:aws:rds:us-east-1:175898361931:subgrp:debezium-rds-subnet-group",
            "description": "Managed by Terraform",
            "id": "debezium-rds-subnet-group",
            "name": "debezium-rds-subnet-group",
            "name_prefix": "",
            "subnet_ids": [
              "subnet-06bcd208e2f69a304",
              "subnet-0cede0de623096368"
            ],
            "supported_network_types": [
              "IPV4"
            ],
            "tags": {},
            "tags_all": {},
            "vpc_id": "vpc-0cff3e06497ea400a"
          },
          "sensitive_attributes": [],
          "private": "bnVsbA==",
          "dependencies": [
            "aws_subnet.private",
            "aws_vpc.this"
          ]
        }
      ]
    },
    {
      "mode": "managed",
      "type": "aws_eip",
      "name": "this",
      "provider": "provider[\"registry.terraform.io/hashicorp/aws\"]",
      "instances": [
        {
          "schema_version": 0,
          "attributes": {
            "address": null,
            "allocation_id": "eipalloc-086e78c78cc296da4",
            "arn": "arn:aws:ec2:us-east-1:175898361931:elastic-ip/eipalloc-086e78c78cc296da4",
            "associate_with_private_ip": null,
            "association_id": "eipassoc-02633b7973bc94259",
            "carrier_ip": "",
            "customer_owned_ip": "",
            "customer_owned_ipv4_pool": "",
            "domain": "vpc",
            "id": "eipalloc-086e78c78cc296da4",
            "instance": "",
            "network_border_group": "us-east-1",
            "network_interface": "eni-0cff961e5438911e2",
            "private_dns": "ip-10-0-0-50.ec2.internal",
            "private_ip": "10.0.0.50",
            "ptr_record": "",
            "public_dns": "ec2-3-232-194-177.compute-1.amazonaws.com",
            "public_ip": "3.232.194.177",
            "public_ipv4_pool": "amazon",
            "tags": {},
            "tags_all": {},
            "timeouts": null,
            "vpc": true
          },
          "sensitive_attributes": [],
          "private": "eyJlMmJmYjczMC1lY2FhLTExZTYtOGY4OC0zNDM2M2JjN2M0YzAiOnsiZGVsZXRlIjoxODAwMDAwMDAwMDAsInJlYWQiOjkwMDAwMDAwMDAwMCwidXBkYXRlIjozMDAwMDAwMDAwMDB9fQ==",
          "dependencies": [
            "aws_internet_gateway.this",
            "aws_vpc.this"
          ]
        }
      ]
    },
    {
      "mode": "managed",
      "type": "aws_iam_instance_profile",
      "name": "this",
      "provider": "provider[\"registry.terraform.io/hashicorp/aws\"]",
      "instances": [
        {
          "schema_version": 0,
          "attributes": {
            "arn": "arn:aws:iam::175898361931:instance-profile/debezium-bastion-host-ec2-profile",
            "create_date": "2024-09-17T11:40:16Z",
            "id": "debezium-bastion-host-ec2-profile",
            "name": "debezium-bastion-host-ec2-profile",
            "name_prefix": "",
            "path": "/",
            "role": "bastion-host",
            "tags": {},
            "tags_all": {},
            "unique_id": "AIPASR5C4ABF5QMAOMQCR"
          },
          "sensitive_attributes": [],
          "private": "bnVsbA==",
          "dependencies": [
            "data.aws_caller_identity.current",
            "module.iamsr.aws_iam_role.this"
          ]
        }
      ]
    },
    {
      "mode": "managed",
      "type": "aws_instance",
      "name": "this",
      "provider": "provider[\"registry.terraform.io/hashicorp/aws\"]",
      "instances": [
        {
          "schema_version": 1,
          "attributes": {
            "ami": "ami-0a0e5d9c7acc336f1",
            "arn": "arn:aws:ec2:us-east-1:175898361931:instance/i-0b723477832d2943f",
            "associate_public_ip_address": false,
            "availability_zone": "us-east-1a",
            "capacity_reservation_specification": [
              {
                "capacity_reservation_preference": "open",
                "capacity_reservation_target": []
              }
            ],
            "cpu_core_count": 1,
            "cpu_options": [
              {
                "amd_sev_snp": "",
                "core_count": 1,
                "threads_per_core": 1
              }
            ],
            "cpu_threads_per_core": 1,
            "credit_specification": [
              {
                "cpu_credits": "standard"
              }
            ],
            "disable_api_stop": false,
            "disable_api_termination": false,
            "ebs_block_device": [],
            "ebs_optimized": false,
            "enclave_options": [
              {
                "enabled": false
              }
            ],
            "ephemeral_block_device": [],
            "get_password_data": false,
            "hibernation": false,
            "host_id": "",
            "host_resource_group_arn": null,
            "iam_instance_profile": "debezium-bastion-host-ec2-profile",
            "id": "i-0b723477832d2943f",
            "instance_initiated_shutdown_behavior": "stop",
            "instance_lifecycle": "",
            "instance_market_options": [],
            "instance_state": "running",
            "instance_type": "t2.micro",
            "ipv6_address_count": 0,
            "ipv6_addresses": [],
            "key_name": "",
            "launch_template": [],
            "maintenance_options": [
              {
                "auto_recovery": "default"
              }
            ],
            "metadata_options": [
              {
                "http_endpoint": "enabled",
                "http_protocol_ipv6": "disabled",
                "http_put_response_hop_limit": 1,
                "http_tokens": "optional",
                "instance_metadata_tags": "disabled"
              }
            ],
            "monitoring": false,
            "network_interface": [],
            "outpost_arn": "",
            "password_data": "",
            "placement_group": "",
            "placement_partition_number": 0,
            "primary_network_interface_id": "eni-0ac76d5160d3a7e5b",
            "private_dns": "ip-10-0-0-137.ec2.internal",
            "private_dns_name_options": [
              {
                "enable_resource_name_dns_a_record": false,
                "enable_resource_name_dns_aaaa_record": false,
                "hostname_type": "ip-name"
              }
            ],
            "private_ip": "10.0.0.137",
            "public_dns": "",
            "public_ip": "",
            "root_block_device": [
              {
                "delete_on_termination": true,
                "device_name": "/dev/sda1",
                "encrypted": false,
                "iops": 100,
                "kms_key_id": "",
                "tags": {},
                "tags_all": {},
                "throughput": 0,
                "volume_id": "vol-064b77e3f5d9c7758",
                "volume_size": 8,
                "volume_type": "gp2"
              }
            ],
            "secondary_private_ips": [],
            "security_groups": [
              "sg-04a9b6a035bda3f74"
            ],
            "source_dest_check": true,
            "spot_instance_request_id": "",
            "subnet_id": "subnet-06bcd208e2f69a304",
            "tags": {
              "Name": "debezium-bastion-host"
            },
            "tags_all": {
              "Name": "debezium-bastion-host"
            },
            "tenancy": "default",
            "timeouts": null,
            "user_data": "0407df1bbf0d11ab7f4ff2437cc596b6d9f60e48",
            "user_data_base64": null,
            "user_data_replace_on_change": false,
            "volume_tags": null,
            "vpc_security_group_ids": [
              "sg-04a9b6a035bda3f74"
            ]
          },
          "sensitive_attributes": [],
          "private": "eyJlMmJmYjczMC1lY2FhLTExZTYtOGY4OC0zNDM2M2JjN2M0YzAiOnsiY3JlYXRlIjo2MDAwMDAwMDAwMDAsImRlbGV0ZSI6MTIwMDAwMDAwMDAwMCwicmVhZCI6OTAwMDAwMDAwMDAwLCJ1cGRhdGUiOjYwMDAwMDAwMDAwMH0sInNjaGVtYV92ZXJzaW9uIjoiMSJ9",
          "dependencies": [
            "aws_db_instance.this",
            "aws_db_subnet_group.this",
            "aws_iam_instance_profile.this",
            "aws_security_group.ec2",
            "aws_security_group.rds",
            "aws_subnet.private",
            "aws_vpc.this",
            "data.aws_caller_identity.current",
            "module.iamsr.aws_iam_role.this"
          ]
        }
      ]
    },
    {
      "mode": "managed",
      "type": "aws_internet_gateway",
      "name": "this",
      "provider": "provider[\"registry.terraform.io/hashicorp/aws\"]",
      "instances": [
        {
          "schema_version": 0,
          "attributes": {
            "arn": "arn:aws:ec2:us-east-1:175898361931:internet-gateway/igw-04a81292df411699b",
            "id": "igw-04a81292df411699b",
            "owner_id": "175898361931",
            "tags": {
              "Name": "debezium-igtw"
            },
            "tags_all": {
              "Name": "debezium-igtw"
            },
            "timeouts": null,
            "vpc_id": "vpc-0cff3e06497ea400a"
          },
          "sensitive_attributes": [],
          "private": "eyJlMmJmYjczMC1lY2FhLTExZTYtOGY4OC0zNDM2M2JjN2M0YzAiOnsiY3JlYXRlIjoxMjAwMDAwMDAwMDAwLCJkZWxldGUiOjEyMDAwMDAwMDAwMDAsInVwZGF0ZSI6MTIwMDAwMDAwMDAwMH19",
          "dependencies": [
            "aws_vpc.this"
          ]
        }
      ]
    },
    {
      "mode": "managed",
      "type": "aws_msk_serverless_cluster",
      "name": "this",
      "provider": "provider[\"registry.terraform.io/hashicorp/aws\"]",
      "instances": [
        {
          "schema_version": 0,
          "attributes": {
            "arn": "arn:aws:kafka:us-east-1:175898361931:cluster/debezium-msk/7dbc9d5e-f83e-4b87-93d3-18dd5917f4dc-s1",
            "client_authentication": [
              {
                "sasl": [
                  {
                    "iam": [
                      {
                        "enabled": true
                      }
                    ]
                  }
                ]
              }
            ],
            "cluster_name": "debezium-msk",
            "cluster_uuid": "7dbc9d5e-f83e-4b87-93d3-18dd5917f4dc-s1",
            "id": "arn:aws:kafka:us-east-1:175898361931:cluster/debezium-msk/7dbc9d5e-f83e-4b87-93d3-18dd5917f4dc-s1",
            "tags": {},
            "tags_all": {},
            "timeouts": null,
            "vpc_config": [
              {
                "security_group_ids": [
                  "sg-08c0b874b7cd2c2dd"
                ],
                "subnet_ids": [
                  "subnet-06bcd208e2f69a304",
                  "subnet-0cede0de623096368"
                ]
              }
            ]
          },
          "sensitive_attributes": [],
          "private": "eyJlMmJmYjczMC1lY2FhLTExZTYtOGY4OC0zNDM2M2JjN2M0YzAiOnsiY3JlYXRlIjo3MjAwMDAwMDAwMDAwLCJkZWxldGUiOjcyMDAwMDAwMDAwMDB9fQ==",
          "dependencies": [
            "aws_security_group.msk",
            "aws_subnet.private",
            "aws_vpc.this"
          ]
        }
      ]
    },
    {
      "mode": "managed",
      "type": "aws_mskconnect_connector",
      "name": "this",
      "provider": "provider[\"registry.terraform.io/hashicorp/aws\"]",
      "instances": [
        {
          "status": "tainted",
          "schema_version": 0,
          "attributes": {
            "arn": null,
            "capacity": [
              {
                "autoscaling": [
                  {
                    "max_worker_count": 2,
                    "mcu_count": 1,
                    "min_worker_count": 1,
                    "scale_in_policy": [
                      {
                        "cpu_utilization_percentage": 20
                      }
                    ],
                    "scale_out_policy": [
                      {
                        "cpu_utilization_percentage": 80
                      }
                    ]
                  }
                ],
                "provisioned_capacity": []
              }
            ],
            "connector_configuration": {
              "connector.class": "tutorial.buildon.aws.streaming.kafka.MyFirstKafkaConnector",
              "first.required.param": "Kafka",
              "key.converter": "org.apache.kafka.connect.converters.ByteArrayConverter",
              "second.required.param": "Connect",
              "tasks.max": "3",
              "value.converter": "org.apache.kafka.connect.json.JsonConverter",
              "value.converter.schemas.enable": "false"
            },
            "description": null,
            "id": "arn:aws:kafkaconnect:us-east-1:175898361931:connector/debezium-debezium-sqlserver/83a01d9e-55e6-4ade-b3f2-3e7da63f0ec9-2",
            "kafka_cluster": [
              {
                "apache_kafka_cluster": [
                  {
                    "bootstrap_servers": "boot-jjf0pxpp.c1.kafka-serverless.us-east-1.amazonaws.com:9098",
                    "vpc": [
                      {
                        "security_groups": [
                          "sg-01b41fbb387db2bc0"
                        ],
                        "subnets": [
                          "subnet-06bcd208e2f69a304",
                          "subnet-0cede0de623096368"
                        ]
                      }
                    ]
                  }
                ]
              }
            ],
            "kafka_cluster_client_authentication": [
              {
                "authentication_type": "NONE"
              }
            ],
            "kafka_cluster_encryption_in_transit": [
              {
                "encryption_type": "PLAINTEXT"
              }
            ],
            "kafkaconnect_version": "2.7.1",
            "log_delivery": [
              {
                "worker_log_delivery": [
                  {
                    "cloudwatch_logs": [
                      {
                        "enabled": true,
                        "log_group": "/debezium/msk-connectors/debezium"
                      }
                    ],
                    "firehose": [],
                    "s3": []
                  }
                ]
              }
            ],
            "name": "debezium-debezium-sqlserver",
            "plugin": [
              {
                "custom_plugin": [
                  {
                    "arn": "arn:aws:kafkaconnect:us-east-1:175898361931:custom-plugin/debezium-debezium-sqlserver/4b25e327-e313-496e-9170-31c6e31be75c-2",
                    "revision": 1
                  }
                ]
              }
            ],
            "service_execution_role_arn": "arn:aws:iam::175898361931:role/iamsr/msk-connect-debezium",
            "tags": null,
            "tags_all": null,
            "timeouts": null,
            "version": null,
            "worker_configuration": []
          },
          "sensitive_attributes": [],
          "private": "eyJlMmJmYjczMC1lY2FhLTExZTYtOGY4OC0zNDM2M2JjN2M0YzAiOnsiY3JlYXRlIjoxMjAwMDAwMDAwMDAwLCJkZWxldGUiOjYwMDAwMDAwMDAwMCwidXBkYXRlIjoxMjAwMDAwMDAwMDAwfX0=",
          "dependencies": [
            "aws_cloudwatch_log_group.this",
            "aws_msk_serverless_cluster.this",
            "aws_mskconnect_custom_plugin.this",
            "aws_s3_bucket.this",
            "aws_s3_object.this",
            "aws_security_group.debezium",
            "aws_security_group.msk",
            "aws_subnet.private",
            "aws_vpc.this",
            "data.aws_caller_identity.current",
            "data.aws_msk_bootstrap_brokers.this",
            "module.iamsr.aws_iam_role.this",
            "random_string.this"
          ]
        }
      ]
    },
    {
      "mode": "managed",
      "type": "aws_mskconnect_custom_plugin",
      "name": "this",
      "provider": "provider[\"registry.terraform.io/hashicorp/aws\"]",
      "instances": [
        {
          "schema_version": 0,
          "attributes": {
            "arn": "arn:aws:kafkaconnect:us-east-1:175898361931:custom-plugin/debezium-debezium-sqlserver/4b25e327-e313-496e-9170-31c6e31be75c-2",
            "content_type": "ZIP",
            "description": "Debezium Microsoft SQL Server Plugin v2.7.2",
            "id": "arn:aws:kafkaconnect:us-east-1:175898361931:custom-plugin/debezium-debezium-sqlserver/4b25e327-e313-496e-9170-31c6e31be75c-2",
            "latest_revision": 1,
            "location": [
              {
                "s3": [
                  {
                    "bucket_arn": "arn:aws:s3:::debezium-msk-connectors-plugins-cyqqa",
                    "file_key": "debezium-connector-sqlserver-2.7.2.Final-plugin.zip",
                    "object_version": ""
                  }
                ]
              }
            ],
            "name": "debezium-debezium-sqlserver",
            "state": "ACTIVE",
            "tags": {},
            "tags_all": {},
            "timeouts": null
          },
          "sensitive_attributes": [],
          "private": "eyJlMmJmYjczMC1lY2FhLTExZTYtOGY4OC0zNDM2M2JjN2M0YzAiOnsiY3JlYXRlIjo2MDAwMDAwMDAwMDAsImRlbGV0ZSI6NjAwMDAwMDAwMDAwfX0=",
          "dependencies": [
            "aws_s3_bucket.this",
            "aws_s3_object.this",
            "random_string.this"
          ]
        }
      ]
    },
    {
      "mode": "managed",
      "type": "aws_nat_gateway",
      "name": "this",
      "provider": "provider[\"registry.terraform.io/hashicorp/aws\"]",
      "instances": [
        {
          "schema_version": 0,
          "attributes": {
            "allocation_id": "eipalloc-086e78c78cc296da4",
            "association_id": "eipassoc-02633b7973bc94259",
            "connectivity_type": "public",
            "id": "nat-00d4e0f8bfa3c3a60",
            "network_interface_id": "eni-0cff961e5438911e2",
            "private_ip": "10.0.0.50",
            "public_ip": "3.232.194.177",
            "secondary_allocation_ids": [],
            "secondary_private_ip_address_count": 0,
            "secondary_private_ip_addresses": [],
            "subnet_id": "subnet-010009e522cbfccb0",
            "tags": {
              "Name": "debezium-nat-gtw"
            },
            "tags_all": {
              "Name": "debezium-nat-gtw"
            },
            "timeouts": null
          },
          "sensitive_attributes": [],
          "private": "eyJlMmJmYjczMC1lY2FhLTExZTYtOGY4OC0zNDM2M2JjN2M0YzAiOnsiY3JlYXRlIjo2MDAwMDAwMDAwMDAsImRlbGV0ZSI6MTgwMDAwMDAwMDAwMCwidXBkYXRlIjo2MDAwMDAwMDAwMDB9fQ==",
          "dependencies": [
            "aws_eip.this",
            "aws_internet_gateway.this",
            "aws_subnet.public",
            "aws_vpc.this"
          ]
        }
      ]
    },
    {
      "mode": "managed",
      "type": "aws_route",
      "name": "private_nat_gateway",
      "provider": "provider[\"registry.terraform.io/hashicorp/aws\"]",
      "instances": [
        {
          "schema_version": 0,
          "attributes": {
            "carrier_gateway_id": "",
            "core_network_arn": "",
            "destination_cidr_block": "0.0.0.0/0",
            "destination_ipv6_cidr_block": "",
            "destination_prefix_list_id": "",
            "egress_only_gateway_id": "",
            "gateway_id": "",
            "id": "r-rtb-0c8434b7e3a8d90491080289494",
            "instance_id": "",
            "instance_owner_id": "",
            "local_gateway_id": "",
            "nat_gateway_id": "nat-00d4e0f8bfa3c3a60",
            "network_interface_id": "",
            "origin": "CreateRoute",
            "route_table_id": "rtb-0c8434b7e3a8d9049",
            "state": "active",
            "timeouts": null,
            "transit_gateway_id": "",
            "vpc_endpoint_id": "",
            "vpc_peering_connection_id": ""
          },
          "sensitive_attributes": [],
          "private": "eyJlMmJmYjczMC1lY2FhLTExZTYtOGY4OC0zNDM2M2JjN2M0YzAiOnsiY3JlYXRlIjozMDAwMDAwMDAwMDAsImRlbGV0ZSI6MzAwMDAwMDAwMDAwLCJ1cGRhdGUiOjEyMDAwMDAwMDAwMH19",
          "dependencies": [
            "aws_eip.this",
            "aws_internet_gateway.this",
            "aws_nat_gateway.this",
            "aws_route_table.private",
            "aws_subnet.public",
            "aws_vpc.this"
          ]
        }
      ]
    },
    {
      "mode": "managed",
      "type": "aws_route",
      "name": "public_internet_gateway",
      "provider": "provider[\"registry.terraform.io/hashicorp/aws\"]",
      "instances": [
        {
          "schema_version": 0,
          "attributes": {
            "carrier_gateway_id": "",
            "core_network_arn": "",
            "destination_cidr_block": "0.0.0.0/0",
            "destination_ipv6_cidr_block": "",
            "destination_prefix_list_id": "",
            "egress_only_gateway_id": "",
            "gateway_id": "igw-04a81292df411699b",
            "id": "r-rtb-0037432375a6f7d211080289494",
            "instance_id": "",
            "instance_owner_id": "",
            "local_gateway_id": "",
            "nat_gateway_id": "",
            "network_interface_id": "",
            "origin": "CreateRoute",
            "route_table_id": "rtb-0037432375a6f7d21",
            "state": "active",
            "timeouts": null,
            "transit_gateway_id": "",
            "vpc_endpoint_id": "",
            "vpc_peering_connection_id": ""
          },
          "sensitive_attributes": [],
          "private": "eyJlMmJmYjczMC1lY2FhLTExZTYtOGY4OC0zNDM2M2JjN2M0YzAiOnsiY3JlYXRlIjozMDAwMDAwMDAwMDAsImRlbGV0ZSI6MzAwMDAwMDAwMDAwLCJ1cGRhdGUiOjEyMDAwMDAwMDAwMH19",
          "dependencies": [
            "aws_internet_gateway.this",
            "aws_route_table.public",
            "aws_vpc.this"
          ]
        }
      ]
    },
    {
      "mode": "managed",
      "type": "aws_route_table",
      "name": "private",
      "provider": "provider[\"registry.terraform.io/hashicorp/aws\"]",
      "instances": [
        {
          "schema_version": 0,
          "attributes": {
            "arn": "arn:aws:ec2:us-east-1:175898361931:route-table/rtb-0c8434b7e3a8d9049",
            "id": "rtb-0c8434b7e3a8d9049",
            "owner_id": "175898361931",
            "propagating_vgws": [],
            "route": [
              {
                "carrier_gateway_id": "",
                "cidr_block": "0.0.0.0/0",
                "core_network_arn": "",
                "destination_prefix_list_id": "",
                "egress_only_gateway_id": "",
                "gateway_id": "",
                "ipv6_cidr_block": "",
                "local_gateway_id": "",
                "nat_gateway_id": "nat-00d4e0f8bfa3c3a60",
                "network_interface_id": "",
                "transit_gateway_id": "",
                "vpc_endpoint_id": "",
                "vpc_peering_connection_id": ""
              }
            ],
            "tags": {
              "Name": "debezium-private-route-table"
            },
            "tags_all": {
              "Name": "debezium-private-route-table"
            },
            "timeouts": null,
            "vpc_id": "vpc-0cff3e06497ea400a"
          },
          "sensitive_attributes": [],
          "private": "eyJlMmJmYjczMC1lY2FhLTExZTYtOGY4OC0zNDM2M2JjN2M0YzAiOnsiY3JlYXRlIjozMDAwMDAwMDAwMDAsImRlbGV0ZSI6MzAwMDAwMDAwMDAwLCJ1cGRhdGUiOjEyMDAwMDAwMDAwMH19",
          "dependencies": [
            "aws_vpc.this"
          ]
        }
      ]
    },
    {
      "mode": "managed",
      "type": "aws_route_table",
      "name": "public",
      "provider": "provider[\"registry.terraform.io/hashicorp/aws\"]",
      "instances": [
        {
          "schema_version": 0,
          "attributes": {
            "arn": "arn:aws:ec2:us-east-1:175898361931:route-table/rtb-0037432375a6f7d21",
            "id": "rtb-0037432375a6f7d21",
            "owner_id": "175898361931",
            "propagating_vgws": [],
            "route": [
              {
                "carrier_gateway_id": "",
                "cidr_block": "0.0.0.0/0",
                "core_network_arn": "",
                "destination_prefix_list_id": "",
                "egress_only_gateway_id": "",
                "gateway_id": "igw-04a81292df411699b",
                "ipv6_cidr_block": "",
                "local_gateway_id": "",
                "nat_gateway_id": "",
                "network_interface_id": "",
                "transit_gateway_id": "",
                "vpc_endpoint_id": "",
                "vpc_peering_connection_id": ""
              }
            ],
            "tags": {
              "Name": "debezium-public-route-table"
            },
            "tags_all": {
              "Name": "debezium-public-route-table"
            },
            "timeouts": null,
            "vpc_id": "vpc-0cff3e06497ea400a"
          },
          "sensitive_attributes": [],
          "private": "eyJlMmJmYjczMC1lY2FhLTExZTYtOGY4OC0zNDM2M2JjN2M0YzAiOnsiY3JlYXRlIjozMDAwMDAwMDAwMDAsImRlbGV0ZSI6MzAwMDAwMDAwMDAwLCJ1cGRhdGUiOjEyMDAwMDAwMDAwMH19",
          "dependencies": [
            "aws_vpc.this"
          ]
        }
      ]
    },
    {
      "mode": "managed",
      "type": "aws_route_table_association",
      "name": "private",
      "provider": "provider[\"registry.terraform.io/hashicorp/aws\"]",
      "instances": [
        {
          "index_key": 0,
          "schema_version": 0,
          "attributes": {
            "gateway_id": "",
            "id": "rtbassoc-0f50fb9f2853b7a18",
            "route_table_id": "rtb-0c8434b7e3a8d9049",
            "subnet_id": "subnet-06bcd208e2f69a304",
            "timeouts": null
          },
          "sensitive_attributes": [],
          "private": "eyJlMmJmYjczMC1lY2FhLTExZTYtOGY4OC0zNDM2M2JjN2M0YzAiOnsiY3JlYXRlIjozMDAwMDAwMDAwMDAsImRlbGV0ZSI6MzAwMDAwMDAwMDAwLCJ1cGRhdGUiOjEyMDAwMDAwMDAwMH19",
          "dependencies": [
            "aws_route_table.private",
            "aws_subnet.private",
            "aws_vpc.this"
          ]
        },
        {
          "index_key": 1,
          "schema_version": 0,
          "attributes": {
            "gateway_id": "",
            "id": "rtbassoc-0998adff5d3d70ee6",
            "route_table_id": "rtb-0c8434b7e3a8d9049",
            "subnet_id": "subnet-0cede0de623096368",
            "timeouts": null
          },
          "sensitive_attributes": [],
          "private": "eyJlMmJmYjczMC1lY2FhLTExZTYtOGY4OC0zNDM2M2JjN2M0YzAiOnsiY3JlYXRlIjozMDAwMDAwMDAwMDAsImRlbGV0ZSI6MzAwMDAwMDAwMDAwLCJ1cGRhdGUiOjEyMDAwMDAwMDAwMH19",
          "dependencies": [
            "aws_route_table.private",
            "aws_subnet.private",
            "aws_vpc.this"
          ]
        }
      ]
    },
    {
      "mode": "managed",
      "type": "aws_route_table_association",
      "name": "public",
      "provider": "provider[\"registry.terraform.io/hashicorp/aws\"]",
      "instances": [
        {
          "index_key": 0,
          "schema_version": 0,
          "attributes": {
            "gateway_id": "",
            "id": "rtbassoc-06eba388f79a905e2",
            "route_table_id": "rtb-0037432375a6f7d21",
            "subnet_id": "subnet-010009e522cbfccb0",
            "timeouts": null
          },
          "sensitive_attributes": [],
          "private": "eyJlMmJmYjczMC1lY2FhLTExZTYtOGY4OC0zNDM2M2JjN2M0YzAiOnsiY3JlYXRlIjozMDAwMDAwMDAwMDAsImRlbGV0ZSI6MzAwMDAwMDAwMDAwLCJ1cGRhdGUiOjEyMDAwMDAwMDAwMH19",
          "dependencies": [
            "aws_route_table.public",
            "aws_subnet.public",
            "aws_vpc.this"
          ]
        },
        {
          "index_key": 1,
          "schema_version": 0,
          "attributes": {
            "gateway_id": "",
            "id": "rtbassoc-019f4da39d8930f81",
            "route_table_id": "rtb-0037432375a6f7d21",
            "subnet_id": "subnet-01a86796afe1e098b",
            "timeouts": null
          },
          "sensitive_attributes": [],
          "private": "eyJlMmJmYjczMC1lY2FhLTExZTYtOGY4OC0zNDM2M2JjN2M0YzAiOnsiY3JlYXRlIjozMDAwMDAwMDAwMDAsImRlbGV0ZSI6MzAwMDAwMDAwMDAwLCJ1cGRhdGUiOjEyMDAwMDAwMDAwMH19",
          "dependencies": [
            "aws_route_table.public",
            "aws_subnet.public",
            "aws_vpc.this"
          ]
        }
      ]
    },
    {
      "mode": "managed",
      "type": "aws_s3_bucket",
      "name": "this",
      "provider": "provider[\"registry.terraform.io/hashicorp/aws\"]",
      "instances": [
        {
          "schema_version": 0,
          "attributes": {
            "acceleration_status": "",
            "acl": null,
            "arn": "arn:aws:s3:::debezium-msk-connectors-plugins-cyqqa",
            "bucket": "debezium-msk-connectors-plugins-cyqqa",
            "bucket_domain_name": "debezium-msk-connectors-plugins-cyqqa.s3.amazonaws.com",
            "bucket_prefix": "",
            "bucket_regional_domain_name": "debezium-msk-connectors-plugins-cyqqa.s3.us-east-1.amazonaws.com",
            "cors_rule": [],
            "force_destroy": false,
            "grant": [
              {
                "id": "929cba6538a21303b5861fd85de2ee2a399de1cff9d739a07a49365262f1d849",
                "permissions": [
                  "FULL_CONTROL"
                ],
                "type": "CanonicalUser",
                "uri": ""
              }
            ],
            "hosted_zone_id": "Z3AQBSTGFYJSTF",
            "id": "debezium-msk-connectors-plugins-cyqqa",
            "lifecycle_rule": [],
            "logging": [],
            "object_lock_configuration": [],
            "object_lock_enabled": false,
            "policy": "",
            "region": "us-east-1",
            "replication_configuration": [],
            "request_payer": "BucketOwner",
            "server_side_encryption_configuration": [
              {
                "rule": [
                  {
                    "apply_server_side_encryption_by_default": [
                      {
                        "kms_master_key_id": "",
                        "sse_algorithm": "AES256"
                      }
                    ],
                    "bucket_key_enabled": false
                  }
                ]
              }
            ],
            "tags": {
              "Name": "MSK Connect Plugins"
            },
            "tags_all": {
              "Name": "MSK Connect Plugins"
            },
            "timeouts": null,
            "versioning": [
              {
                "enabled": false,
                "mfa_delete": false
              }
            ],
            "website": [],
            "website_domain": null,
            "website_endpoint": null
          },
          "sensitive_attributes": [],
          "private": "eyJlMmJmYjczMC1lY2FhLTExZTYtOGY4OC0zNDM2M2JjN2M0YzAiOnsiY3JlYXRlIjoxMjAwMDAwMDAwMDAwLCJkZWxldGUiOjM2MDAwMDAwMDAwMDAsInJlYWQiOjEyMDAwMDAwMDAwMDAsInVwZGF0ZSI6MTIwMDAwMDAwMDAwMH19",
          "dependencies": [
            "random_string.this"
          ]
        }
      ]
    },
    {
      "mode": "managed",
      "type": "aws_s3_object",
      "name": "this",
      "provider": "provider[\"registry.terraform.io/hashicorp/aws\"]",
      "instances": [
        {
          "schema_version": 0,
          "attributes": {
            "acl": null,
            "arn": "arn:aws:s3:::debezium-msk-connectors-plugins-cyqqa/debezium-connector-sqlserver-2.7.2.Final-plugin.zip",
            "bucket": "debezium-msk-connectors-plugins-cyqqa",
            "bucket_key_enabled": false,
            "cache_control": "",
            "checksum_algorithm": null,
            "checksum_crc32": "",
            "checksum_crc32c": "",
            "checksum_sha1": "",
            "checksum_sha256": "",
            "content": null,
            "content_base64": null,
            "content_disposition": "",
            "content_encoding": "",
            "content_language": "",
            "content_type": "application/octet-stream",
            "etag": "0a257e7794c717455df3df19dc73a0d3",
            "force_destroy": false,
            "id": "debezium-connector-sqlserver-2.7.2.Final-plugin.zip",
            "key": "debezium-connector-sqlserver-2.7.2.Final-plugin.zip",
            "kms_key_id": null,
            "metadata": {},
            "object_lock_legal_hold_status": "",
            "object_lock_mode": "",
            "object_lock_retain_until_date": "",
            "override_provider": [],
            "server_side_encryption": "AES256",
            "source": "../bin/debezium-connector-sqlserver-2.7.2.Final-plugin.zip",
            "source_hash": null,
            "storage_class": "STANDARD",
            "tags": {},
            "tags_all": {},
            "version_id": "",
            "website_redirect": ""
          },
          "sensitive_attributes": [],
          "private": "bnVsbA==",
          "dependencies": [
            "aws_s3_bucket.this",
            "random_string.this"
          ]
        }
      ]
    },
    {
      "mode": "managed",
      "type": "aws_security_group",
      "name": "debezium",
      "provider": "provider[\"registry.terraform.io/hashicorp/aws\"]",
      "instances": [
        {
          "schema_version": 1,
          "attributes": {
            "arn": "arn:aws:ec2:us-east-1:175898361931:security-group/sg-01b41fbb387db2bc0",
            "description": "MSK security group",
            "egress": [
              {
                "cidr_blocks": [
                  "0.0.0.0/0"
                ],
                "description": "",
                "from_port": 0,
                "ipv6_cidr_blocks": [],
                "prefix_list_ids": [],
                "protocol": "-1",
                "security_groups": [],
                "self": false,
                "to_port": 0
              }
            ],
            "id": "sg-01b41fbb387db2bc0",
            "ingress": [
              {
                "cidr_blocks": [
                  "0.0.0.0/0"
                ],
                "description": "",
                "from_port": 0,
                "ipv6_cidr_blocks": [],
                "prefix_list_ids": [],
                "protocol": "-1",
                "security_groups": [],
                "self": false,
                "to_port": 0
              }
            ],
            "name": "debezium-msk-connector-debezium-sg",
            "name_prefix": "",
            "owner_id": "175898361931",
            "revoke_rules_on_delete": false,
            "tags": {},
            "tags_all": {},
            "timeouts": null,
            "vpc_id": "vpc-0cff3e06497ea400a"
          },
          "sensitive_attributes": [],
          "private": "eyJlMmJmYjczMC1lY2FhLTExZTYtOGY4OC0zNDM2M2JjN2M0YzAiOnsiY3JlYXRlIjo2MDAwMDAwMDAwMDAsImRlbGV0ZSI6OTAwMDAwMDAwMDAwfSwic2NoZW1hX3ZlcnNpb24iOiIxIn0=",
          "dependencies": [
            "aws_vpc.this"
          ]
        }
      ]
    },
    {
      "mode": "managed",
      "type": "aws_security_group",
      "name": "ec2",
      "provider": "provider[\"registry.terraform.io/hashicorp/aws\"]",
      "instances": [
        {
          "schema_version": 1,
          "attributes": {
            "arn": "arn:aws:ec2:us-east-1:175898361931:security-group/sg-04a9b6a035bda3f74",
            "description": "Bastion host security group",
            "egress": [
              {
                "cidr_blocks": [
                  "0.0.0.0/0"
                ],
                "description": "",
                "from_port": 0,
                "ipv6_cidr_blocks": [],
                "prefix_list_ids": [],
                "protocol": "-1",
                "security_groups": [],
                "self": false,
                "to_port": 0
              }
            ],
            "id": "sg-04a9b6a035bda3f74",
            "ingress": [],
            "name": "debezium-bastion-host-sg",
            "name_prefix": "",
            "owner_id": "175898361931",
            "revoke_rules_on_delete": false,
            "tags": {},
            "tags_all": {},
            "timeouts": null,
            "vpc_id": "vpc-0cff3e06497ea400a"
          },
          "sensitive_attributes": [],
          "private": "eyJlMmJmYjczMC1lY2FhLTExZTYtOGY4OC0zNDM2M2JjN2M0YzAiOnsiY3JlYXRlIjo2MDAwMDAwMDAwMDAsImRlbGV0ZSI6OTAwMDAwMDAwMDAwfSwic2NoZW1hX3ZlcnNpb24iOiIxIn0=",
          "dependencies": [
            "aws_vpc.this"
          ]
        }
      ]
    },
    {
      "mode": "managed",
      "type": "aws_security_group",
      "name": "msk",
      "provider": "provider[\"registry.terraform.io/hashicorp/aws\"]",
      "instances": [
        {
          "schema_version": 1,
          "attributes": {
            "arn": "arn:aws:ec2:us-east-1:175898361931:security-group/sg-08c0b874b7cd2c2dd",
            "description": "MSK security group",
            "egress": [
              {
                "cidr_blocks": [
                  "0.0.0.0/0"
                ],
                "description": "",
                "from_port": 0,
                "ipv6_cidr_blocks": [],
                "prefix_list_ids": [],
                "protocol": "-1",
                "security_groups": [],
                "self": false,
                "to_port": 0
              }
            ],
            "id": "sg-08c0b874b7cd2c2dd",
            "ingress": [
              {
                "cidr_blocks": [
                  "0.0.0.0/0"
                ],
                "description": "",
                "from_port": 0,
                "ipv6_cidr_blocks": [],
                "prefix_list_ids": [],
                "protocol": "-1",
                "security_groups": [],
                "self": false,
                "to_port": 0
              }
            ],
            "name": "debezium-msk-sg",
            "name_prefix": "",
            "owner_id": "175898361931",
            "revoke_rules_on_delete": false,
            "tags": {},
            "tags_all": {},
            "timeouts": null,
            "vpc_id": "vpc-0cff3e06497ea400a"
          },
          "sensitive_attributes": [],
          "private": "eyJlMmJmYjczMC1lY2FhLTExZTYtOGY4OC0zNDM2M2JjN2M0YzAiOnsiY3JlYXRlIjo2MDAwMDAwMDAwMDAsImRlbGV0ZSI6OTAwMDAwMDAwMDAwfSwic2NoZW1hX3ZlcnNpb24iOiIxIn0=",
          "dependencies": [
            "aws_vpc.this"
          ]
        }
      ]
    },
    {
      "mode": "managed",
      "type": "aws_security_group",
      "name": "rds",
      "provider": "provider[\"registry.terraform.io/hashicorp/aws\"]",
      "instances": [
        {
          "schema_version": 1,
          "attributes": {
            "arn": "arn:aws:ec2:us-east-1:175898361931:security-group/sg-0786e82f02baad302",
            "description": "MSSQL Security Group",
            "egress": [],
            "id": "sg-0786e82f02baad302",
            "ingress": [
              {
                "cidr_blocks": [
                  "10.0.0.0/24"
                ],
                "description": "",
                "from_port": 1433,
                "ipv6_cidr_blocks": [],
                "prefix_list_ids": [],
                "protocol": "tcp",
                "security_groups": [],
                "self": false,
                "to_port": 1433
              }
            ],
            "name": "debezium-mssql-sg",
            "name_prefix": "",
            "owner_id": "175898361931",
            "revoke_rules_on_delete": false,
            "tags": {},
            "tags_all": {},
            "timeouts": null,
            "vpc_id": "vpc-0cff3e06497ea400a"
          },
          "sensitive_attributes": [],
          "private": "eyJlMmJmYjczMC1lY2FhLTExZTYtOGY4OC0zNDM2M2JjN2M0YzAiOnsiY3JlYXRlIjo2MDAwMDAwMDAwMDAsImRlbGV0ZSI6OTAwMDAwMDAwMDAwfSwic2NoZW1hX3ZlcnNpb24iOiIxIn0=",
          "dependencies": [
            "aws_vpc.this"
          ]
        }
      ]
    },
    {
      "mode": "managed",
      "type": "aws_subnet",
      "name": "private",
      "provider": "provider[\"registry.terraform.io/hashicorp/aws\"]",
      "instances": [
        {
          "index_key": 0,
          "schema_version": 1,
          "attributes": {
            "arn": "arn:aws:ec2:us-east-1:175898361931:subnet/subnet-06bcd208e2f69a304",
            "assign_ipv6_address_on_creation": false,
            "availability_zone": "us-east-1a",
            "availability_zone_id": "use1-az6",
            "cidr_block": "10.0.0.128/26",
            "customer_owned_ipv4_pool": "",
            "enable_dns64": false,
            "enable_lni_at_device_index": 0,
            "enable_resource_name_dns_a_record_on_launch": false,
            "enable_resource_name_dns_aaaa_record_on_launch": false,
            "id": "subnet-06bcd208e2f69a304",
            "ipv6_cidr_block": "",
            "ipv6_cidr_block_association_id": "",
            "ipv6_native": false,
            "map_customer_owned_ip_on_launch": false,
            "map_public_ip_on_launch": false,
            "outpost_arn": "",
            "owner_id": "175898361931",
            "private_dns_hostname_type_on_launch": "ip-name",
            "tags": {
              "Name": "debezium-private-us-east-1a"
            },
            "tags_all": {
              "Name": "debezium-private-us-east-1a"
            },
            "timeouts": null,
            "vpc_id": "vpc-0cff3e06497ea400a"
          },
          "sensitive_attributes": [],
          "private": "eyJlMmJmYjczMC1lY2FhLTExZTYtOGY4OC0zNDM2M2JjN2M0YzAiOnsiY3JlYXRlIjo2MDAwMDAwMDAwMDAsImRlbGV0ZSI6MTIwMDAwMDAwMDAwMH0sInNjaGVtYV92ZXJzaW9uIjoiMSJ9",
          "dependencies": [
            "aws_vpc.this"
          ]
        },
        {
          "index_key": 1,
          "schema_version": 1,
          "attributes": {
            "arn": "arn:aws:ec2:us-east-1:175898361931:subnet/subnet-0cede0de623096368",
            "assign_ipv6_address_on_creation": false,
            "availability_zone": "us-east-1b",
            "availability_zone_id": "use1-az1",
            "cidr_block": "10.0.0.192/26",
            "customer_owned_ipv4_pool": "",
            "enable_dns64": false,
            "enable_lni_at_device_index": 0,
            "enable_resource_name_dns_a_record_on_launch": false,
            "enable_resource_name_dns_aaaa_record_on_launch": false,
            "id": "subnet-0cede0de623096368",
            "ipv6_cidr_block": "",
            "ipv6_cidr_block_association_id": "",
            "ipv6_native": false,
            "map_customer_owned_ip_on_launch": false,
            "map_public_ip_on_launch": false,
            "outpost_arn": "",
            "owner_id": "175898361931",
            "private_dns_hostname_type_on_launch": "ip-name",
            "tags": {
              "Name": "debezium-private-us-east-1b"
            },
            "tags_all": {
              "Name": "debezium-private-us-east-1b"
            },
            "timeouts": null,
            "vpc_id": "vpc-0cff3e06497ea400a"
          },
          "sensitive_attributes": [],
          "private": "eyJlMmJmYjczMC1lY2FhLTExZTYtOGY4OC0zNDM2M2JjN2M0YzAiOnsiY3JlYXRlIjo2MDAwMDAwMDAwMDAsImRlbGV0ZSI6MTIwMDAwMDAwMDAwMH0sInNjaGVtYV92ZXJzaW9uIjoiMSJ9",
          "dependencies": [
            "aws_vpc.this"
          ]
        }
      ]
    },
    {
      "mode": "managed",
      "type": "aws_subnet",
      "name": "public",
      "provider": "provider[\"registry.terraform.io/hashicorp/aws\"]",
      "instances": [
        {
          "index_key": 0,
          "schema_version": 1,
          "attributes": {
            "arn": "arn:aws:ec2:us-east-1:175898361931:subnet/subnet-010009e522cbfccb0",
            "assign_ipv6_address_on_creation": false,
            "availability_zone": "us-east-1a",
            "availability_zone_id": "use1-az6",
            "cidr_block": "10.0.0.0/26",
            "customer_owned_ipv4_pool": "",
            "enable_dns64": false,
            "enable_lni_at_device_index": 0,
            "enable_resource_name_dns_a_record_on_launch": false,
            "enable_resource_name_dns_aaaa_record_on_launch": false,
            "id": "subnet-010009e522cbfccb0",
            "ipv6_cidr_block": "",
            "ipv6_cidr_block_association_id": "",
            "ipv6_native": false,
            "map_customer_owned_ip_on_launch": false,
            "map_public_ip_on_launch": true,
            "outpost_arn": "",
            "owner_id": "175898361931",
            "private_dns_hostname_type_on_launch": "ip-name",
            "tags": {
              "Name": "debezium-public-us-east-1a"
            },
            "tags_all": {
              "Name": "debezium-public-us-east-1a"
            },
            "timeouts": null,
            "vpc_id": "vpc-0cff3e06497ea400a"
          },
          "sensitive_attributes": [],
          "private": "eyJlMmJmYjczMC1lY2FhLTExZTYtOGY4OC0zNDM2M2JjN2M0YzAiOnsiY3JlYXRlIjo2MDAwMDAwMDAwMDAsImRlbGV0ZSI6MTIwMDAwMDAwMDAwMH0sInNjaGVtYV92ZXJzaW9uIjoiMSJ9",
          "dependencies": [
            "aws_vpc.this"
          ]
        },
        {
          "index_key": 1,
          "schema_version": 1,
          "attributes": {
            "arn": "arn:aws:ec2:us-east-1:175898361931:subnet/subnet-01a86796afe1e098b",
            "assign_ipv6_address_on_creation": false,
            "availability_zone": "us-east-1b",
            "availability_zone_id": "use1-az1",
            "cidr_block": "10.0.0.64/26",
            "customer_owned_ipv4_pool": "",
            "enable_dns64": false,
            "enable_lni_at_device_index": 0,
            "enable_resource_name_dns_a_record_on_launch": false,
            "enable_resource_name_dns_aaaa_record_on_launch": false,
            "id": "subnet-01a86796afe1e098b",
            "ipv6_cidr_block": "",
            "ipv6_cidr_block_association_id": "",
            "ipv6_native": false,
            "map_customer_owned_ip_on_launch": false,
            "map_public_ip_on_launch": true,
            "outpost_arn": "",
            "owner_id": "175898361931",
            "private_dns_hostname_type_on_launch": "ip-name",
            "tags": {
              "Name": "debezium-public-us-east-1b"
            },
            "tags_all": {
              "Name": "debezium-public-us-east-1b"
            },
            "timeouts": null,
            "vpc_id": "vpc-0cff3e06497ea400a"
          },
          "sensitive_attributes": [],
          "private": "eyJlMmJmYjczMC1lY2FhLTExZTYtOGY4OC0zNDM2M2JjN2M0YzAiOnsiY3JlYXRlIjo2MDAwMDAwMDAwMDAsImRlbGV0ZSI6MTIwMDAwMDAwMDAwMH0sInNjaGVtYV92ZXJzaW9uIjoiMSJ9",
          "dependencies": [
            "aws_vpc.this"
          ]
        }
      ]
    },
    {
      "mode": "managed",
      "type": "aws_vpc",
      "name": "this",
      "provider": "provider[\"registry.terraform.io/hashicorp/aws\"]",
      "instances": [
        {
          "schema_version": 1,
          "attributes": {
            "arn": "arn:aws:ec2:us-east-1:175898361931:vpc/vpc-0cff3e06497ea400a",
            "assign_generated_ipv6_cidr_block": false,
            "cidr_block": "10.0.0.0/24",
            "default_network_acl_id": "acl-01a71a2649bd9aaec",
            "default_route_table_id": "rtb-04160008ac70dbc26",
            "default_security_group_id": "sg-066af7bee05a7d17e",
            "dhcp_options_id": "dopt-fc8dc99b",
            "enable_dns_hostnames": true,
            "enable_dns_support": true,
            "enable_network_address_usage_metrics": false,
            "id": "vpc-0cff3e06497ea400a",
            "instance_tenancy": "default",
            "ipv4_ipam_pool_id": null,
            "ipv4_netmask_length": null,
            "ipv6_association_id": "",
            "ipv6_cidr_block": "",
            "ipv6_cidr_block_network_border_group": "",
            "ipv6_ipam_pool_id": "",
            "ipv6_netmask_length": 0,
            "main_route_table_id": "rtb-04160008ac70dbc26",
            "owner_id": "175898361931",
            "tags": {
              "Name": "debezium-vpc"
            },
            "tags_all": {
              "Name": "debezium-vpc"
            }
          },
          "sensitive_attributes": [],
          "private": "eyJzY2hlbWFfdmVyc2lvbiI6IjEifQ=="
        }
      ]
    },
    {
      "mode": "managed",
      "type": "random_string",
      "name": "this",
      "provider": "provider[\"registry.terraform.io/hashicorp/random\"]",
      "instances": [
        {
          "schema_version": 2,
          "attributes": {
            "id": "cyqqa",
            "keepers": null,
            "length": 5,
            "lower": true,
            "min_lower": 0,
            "min_numeric": 0,
            "min_special": 0,
            "min_upper": 0,
            "number": false,
            "numeric": false,
            "override_special": null,
            "result": "cyqqa",
            "special": false,
            "upper": false
          },
          "sensitive_attributes": []
        }
      ]
    },
    {
      "module": "module.iamsr",
      "mode": "managed",
      "type": "aws_iam_policy",
      "name": "this",
      "provider": "provider[\"registry.terraform.io/hashicorp/aws\"]",
      "instances": [
        {
          "index_key": "policy-get-secret-value",
          "schema_version": 0,
          "attributes": {
            "arn": "arn:aws:iam::175898361931:policy/policy-get-secret-value",
            "attachment_count": 1,
            "description": "",
            "id": "arn:aws:iam::175898361931:policy/policy-get-secret-value",
            "name": "policy-get-secret-value",
            "name_prefix": "",
            "path": "/",
            "policy": "{\"Statement\":[{\"Action\":[\"secretsmanager:GetSecretValue\"],\"Effect\":\"Allow\",\"Resource\":\"*\"}],\"Version\":\"2012-10-17\"}",
            "policy_id": "ANPASR5C4ABFYJIJCTFA3",
            "tags": {},
            "tags_all": {}
          },
          "sensitive_attributes": [],
          "private": "bnVsbA==",
          "dependencies": [
            "data.aws_caller_identity.current"
          ]
        },
        {
          "index_key": "policy-msk-connect-s3",
          "schema_version": 0,
          "attributes": {
            "arn": "arn:aws:iam::175898361931:policy/policy-msk-connect-s3",
            "attachment_count": 1,
            "description": "",
            "id": "arn:aws:iam::175898361931:policy/policy-msk-connect-s3",
            "name": "policy-msk-connect-s3",
            "name_prefix": "",
            "path": "/",
            "policy": "{\"Statement\":[{\"Action\":[\"s3:*\"],\"Effect\":\"Allow\",\"Resource\":\"arn:aws:s3:::*\"}],\"Version\":\"2012-10-17\"}",
            "policy_id": "ANPASR5C4ABFQLCVLFIXM",
            "tags": {},
            "tags_all": {}
          },
          "sensitive_attributes": [],
          "private": "bnVsbA==",
          "dependencies": [
            "data.aws_caller_identity.current"
          ]
        }
      ]
    },
    {
      "module": "module.iamsr",
      "mode": "managed",
      "type": "aws_iam_role",
      "name": "this",
      "provider": "provider[\"registry.terraform.io/hashicorp/aws\"]",
      "instances": [
        {
          "index_key": "bastion-host",
          "schema_version": 0,
          "attributes": {
            "arn": "arn:aws:iam::175898361931:role/iamsr/bastion-host",
            "assume_role_policy": "{\"Statement\":[{\"Action\":\"sts:AssumeRole\",\"Effect\":\"Allow\",\"Principal\":{\"Service\":[\"ec2.amazonaws.com\"]}}],\"Version\":\"2012-10-17\"}",
            "create_date": "2024-09-17T11:40:15Z",
            "description": "",
            "force_detach_policies": false,
            "id": "bastion-host",
            "inline_policy": [],
            "managed_policy_arns": [
              "arn:aws:iam::175898361931:policy/policy-get-secret-value",
              "arn:aws:iam::aws:policy/AmazonSSMManagedInstanceCore"
            ],
            "max_session_duration": 3600,
            "name": "bastion-host",
            "name_prefix": "",
            "path": "/iamsr/",
            "permissions_boundary": "",
            "tags": {},
            "tags_all": {},
            "unique_id": "AROASR5C4ABFRTUP46TCZ"
          },
          "sensitive_attributes": [],
          "private": "bnVsbA==",
          "dependencies": [
            "data.aws_caller_identity.current"
          ]
        },
        {
          "index_key": "msk-connect-debezium",
          "schema_version": 0,
          "attributes": {
            "arn": "arn:aws:iam::175898361931:role/iamsr/msk-connect-debezium",
            "assume_role_policy": "{\"Statement\":[{\"Action\":\"sts:AssumeRole\",\"Effect\":\"Allow\",\"Principal\":{\"Service\":[\"kafkaconnect.amazonaws.com\"]}}],\"Version\":\"2012-10-17\"}",
            "create_date": "2024-09-17T11:40:15Z",
            "description": "",
            "force_detach_policies": false,
            "id": "msk-connect-debezium",
            "inline_policy": [],
            "managed_policy_arns": [
              "arn:aws:iam::175898361931:policy/policy-msk-connect-s3"
            ],
            "max_session_duration": 3600,
            "name": "msk-connect-debezium",
            "name_prefix": "",
            "path": "/iamsr/",
            "permissions_boundary": "",
            "tags": {},
            "tags_all": {},
            "unique_id": "AROASR5C4ABF6JCLIAETF"
          },
          "sensitive_attributes": [],
          "private": "bnVsbA==",
          "dependencies": [
            "data.aws_caller_identity.current"
          ]
        }
      ]
    },
    {
      "module": "module.iamsr",
      "mode": "managed",
      "type": "aws_iam_role_policy_attachment",
      "name": "this",
      "provider": "provider[\"registry.terraform.io/hashicorp/aws\"]",
      "instances": [
        {
          "index_key": "bastion-host-arn:aws:iam::175898361931:policy/policy-get-secret-value",
          "schema_version": 0,
          "attributes": {
            "id": "bastion-host-20240917114016812100000002",
            "policy_arn": "arn:aws:iam::175898361931:policy/policy-get-secret-value",
            "role": "bastion-host"
          },
          "sensitive_attributes": [],
          "private": "bnVsbA==",
          "dependencies": [
            "data.aws_caller_identity.current",
            "module.iamsr.aws_iam_policy.this",
            "module.iamsr.aws_iam_role.this"
          ]
        },
        {
          "index_key": "bastion-host-arn:aws:iam::aws:policy/AmazonSSMManagedInstanceCore",
          "schema_version": 0,
          "attributes": {
            "id": "bastion-host-20240917114016816200000003",
            "policy_arn": "arn:aws:iam::aws:policy/AmazonSSMManagedInstanceCore",
            "role": "bastion-host"
          },
          "sensitive_attributes": [],
          "private": "bnVsbA==",
          "dependencies": [
            "data.aws_caller_identity.current",
            "module.iamsr.aws_iam_policy.this",
            "module.iamsr.aws_iam_role.this"
          ]
        },
        {
          "index_key": "msk-connect-debezium-arn:aws:iam::175898361931:policy/policy-msk-connect-s3",
          "schema_version": 0,
          "attributes": {
            "id": "msk-connect-debezium-20240917114016805200000001",
            "policy_arn": "arn:aws:iam::175898361931:policy/policy-msk-connect-s3",
            "role": "msk-connect-debezium"
          },
          "sensitive_attributes": [],
          "private": "bnVsbA==",
          "dependencies": [
            "data.aws_caller_identity.current",
            "module.iamsr.aws_iam_policy.this",
            "module.iamsr.aws_iam_role.this"
          ]
        }
      ]
    }
  ],
  "check_results": null
}
